// !$*UTF8*$!
{
	archiveVersion = 1;
	classes = {
	};
	objectVersion = 46;
	objects = {

/* Begin PBXBuildFile section */
		AA0649F118083BCA00FE5486 /* SystemConfiguration.framework in Frameworks */ = {isa = PBXBuildFile; fileRef = AA0649F018083BCA00FE5486 /* SystemConfiguration.framework */; };
		AA0649F318083BE500FE5486 /* CFNetwork.framework in Frameworks */ = {isa = PBXBuildFile; fileRef = AA0649F218083BE500FE5486 /* CFNetwork.framework */; };
		AA38E37E18084BC600FBB325 /* Social.framework in Frameworks */ = {isa = PBXBuildFile; fileRef = AA38E37D18084BC600FBB325 /* Social.framework */; };
		AAF42BFA1807FF420069A423 /* Foundation.framework in Frameworks */ = {isa = PBXBuildFile; fileRef = AAF42BF91807FF420069A423 /* Foundation.framework */; };
		AAF42BFC1807FF420069A423 /* CoreGraphics.framework in Frameworks */ = {isa = PBXBuildFile; fileRef = AAF42BFB1807FF420069A423 /* CoreGraphics.framework */; };
		AAF42BFE1807FF420069A423 /* UIKit.framework in Frameworks */ = {isa = PBXBuildFile; fileRef = AAF42BFD1807FF420069A423 /* UIKit.framework */; };
		AAF42C041807FF420069A423 /* InfoPlist.strings in Resources */ = {isa = PBXBuildFile; fileRef = AAF42C021807FF420069A423 /* InfoPlist.strings */; };
		AAF42C061807FF420069A423 /* main.m in Sources */ = {isa = PBXBuildFile; fileRef = AAF42C051807FF420069A423 /* main.m */; };
		AAF42C0A1807FF420069A423 /* FTAppDelegate.m in Sources */ = {isa = PBXBuildFile; fileRef = AAF42C091807FF420069A423 /* FTAppDelegate.m */; };
		AAF42C0D1807FF420069A423 /* Main.storyboard in Resources */ = {isa = PBXBuildFile; fileRef = AAF42C0B1807FF420069A423 /* Main.storyboard */; };
		AAF42C131807FF430069A423 /* FTViewController.m in Sources */ = {isa = PBXBuildFile; fileRef = AAF42C121807FF430069A423 /* FTViewController.m */; };
		AAF42C151807FF430069A423 /* Images.xcassets in Resources */ = {isa = PBXBuildFile; fileRef = AAF42C141807FF430069A423 /* Images.xcassets */; };
		AAF42CE8180812D80069A423 /* com.apple.ipad-2-black.jpg in Resources */ = {isa = PBXBuildFile; fileRef = AAF42CC5180812D80069A423 /* com.apple.ipad-2-black.jpg */; };
		AAF42CE9180812D80069A423 /* com.apple.ipad-2-white.jpg in Resources */ = {isa = PBXBuildFile; fileRef = AAF42CC6180812D80069A423 /* com.apple.ipad-2-white.jpg */; };
		AAF42CEA180812D80069A423 /* com.apple.ipad-mini-black-3g.jpg in Resources */ = {isa = PBXBuildFile; fileRef = AAF42CC7180812D80069A423 /* com.apple.ipad-mini-black-3g.jpg */; };
		AAF42CEB180812D80069A423 /* com.apple.ipad-mini-black-wifi.jpg in Resources */ = {isa = PBXBuildFile; fileRef = AAF42CC8180812D80069A423 /* com.apple.ipad-mini-black-wifi.jpg */; };
		AAF42CEC180812D80069A423 /* com.apple.ipad-mini-white-3g.jpg in Resources */ = {isa = PBXBuildFile; fileRef = AAF42CC9180812D80069A423 /* com.apple.ipad-mini-white-3g.jpg */; };
		AAF42CED180812D80069A423 /* com.apple.ipad-mini-white-wifi.jpg in Resources */ = {isa = PBXBuildFile; fileRef = AAF42CCA180812D80069A423 /* com.apple.ipad-mini-white-wifi.jpg */; };
		AAF42CEE180812D80069A423 /* com.apple.ipad.jpg in Resources */ = {isa = PBXBuildFile; fileRef = AAF42CCB180812D80069A423 /* com.apple.ipad.jpg */; };
		AAF42CEF180812D80069A423 /* com.apple.iphone-3g.jpg in Resources */ = {isa = PBXBuildFile; fileRef = AAF42CCC180812D80069A423 /* com.apple.iphone-3g.jpg */; };
		AAF42CF0180812D80069A423 /* com.apple.iphone-4-black.jpg in Resources */ = {isa = PBXBuildFile; fileRef = AAF42CCD180812D80069A423 /* com.apple.iphone-4-black.jpg */; };
		AAF42CF1180812D80069A423 /* com.apple.iphone-4-cdma-black.jpg in Resources */ = {isa = PBXBuildFile; fileRef = AAF42CCE180812D80069A423 /* com.apple.iphone-4-cdma-black.jpg */; };
		AAF42CF2180812D80069A423 /* com.apple.iphone-4-cdma-white.jpg in Resources */ = {isa = PBXBuildFile; fileRef = AAF42CCF180812D80069A423 /* com.apple.iphone-4-cdma-white.jpg */; };
		AAF42CF3180812D80069A423 /* com.apple.iphone-4-white.jpg in Resources */ = {isa = PBXBuildFile; fileRef = AAF42CD0180812D80069A423 /* com.apple.iphone-4-white.jpg */; };
		AAF42CF4180812D80069A423 /* com.apple.iphone-5-black.jpg in Resources */ = {isa = PBXBuildFile; fileRef = AAF42CD1180812D80069A423 /* com.apple.iphone-5-black.jpg */; };
		AAF42CF5180812D80069A423 /* com.apple.iphone-5-white.jpg in Resources */ = {isa = PBXBuildFile; fileRef = AAF42CD2180812D80069A423 /* com.apple.iphone-5-white.jpg */; };
		AAF42CF6180812D80069A423 /* com.apple.iphone-5c-#46abe0.jpg in Resources */ = {isa = PBXBuildFile; fileRef = AAF42CD3180812D80069A423 /* com.apple.iphone-5c-#46abe0.jpg */; };
		AAF42CF7180812D80069A423 /* com.apple.iphone-5c-#a1e877.jpg in Resources */ = {isa = PBXBuildFile; fileRef = AAF42CD4180812D80069A423 /* com.apple.iphone-5c-#a1e877.jpg */; };
		AAF42CF8180812D80069A423 /* com.apple.iphone-5c-#f5f4f7.jpg in Resources */ = {isa = PBXBuildFile; fileRef = AAF42CD5180812D80069A423 /* com.apple.iphone-5c-#f5f4f7.jpg */; };
		AAF42CF9180812D80069A423 /* com.apple.iphone-5c-#faf189.jpg in Resources */ = {isa = PBXBuildFile; fileRef = AAF42CD6180812D80069A423 /* com.apple.iphone-5c-#faf189.jpg */; };
		AAF42CFA180812D80069A423 /* com.apple.iphone-5c-#fe767a.jpg in Resources */ = {isa = PBXBuildFile; fileRef = AAF42CD7180812D80069A423 /* com.apple.iphone-5c-#fe767a.jpg */; };
		AAF42CFB180812D80069A423 /* com.apple.iphone-5s-#99989b.jpg in Resources */ = {isa = PBXBuildFile; fileRef = AAF42CD8180812D80069A423 /* com.apple.iphone-5s-#99989b.jpg */; };
		AAF42CFC180812D80069A423 /* com.apple.iphone-5s-#d4c5b3.jpg in Resources */ = {isa = PBXBuildFile; fileRef = AAF42CD9180812D80069A423 /* com.apple.iphone-5s-#d4c5b3.jpg */; };
		AAF42CFD180812D80069A423 /* com.apple.iphone-5s-#d7d9d8.jpg in Resources */ = {isa = PBXBuildFile; fileRef = AAF42CDA180812D80069A423 /* com.apple.iphone-5s-#d7d9d8.jpg */; };
		AAF42CFE180812D80069A423 /* com.apple.iphone.jpg in Resources */ = {isa = PBXBuildFile; fileRef = AAF42CDB180812D80069A423 /* com.apple.iphone.jpg */; };
		AAF42CFF180812D80069A423 /* com.apple.ipod-touch-2.jpg in Resources */ = {isa = PBXBuildFile; fileRef = AAF42CDC180812D80069A423 /* com.apple.ipod-touch-2.jpg */; };
		AAF42D00180812D80069A423 /* com.apple.ipod-touch-4-black.jpg in Resources */ = {isa = PBXBuildFile; fileRef = AAF42CDD180812D80069A423 /* com.apple.ipod-touch-4-black.jpg */; };
		AAF42D01180812D80069A423 /* com.apple.ipod-touch-4-white.jpg in Resources */ = {isa = PBXBuildFile; fileRef = AAF42CDE180812D80069A423 /* com.apple.ipod-touch-4-white.jpg */; };
		AAF42D02180812D80069A423 /* com.apple.ipod-touch-5-blue.jpg in Resources */ = {isa = PBXBuildFile; fileRef = AAF42CDF180812D80069A423 /* com.apple.ipod-touch-5-blue.jpg */; };
		AAF42D03180812D80069A423 /* com.apple.ipod-touch-5-pink.jpg in Resources */ = {isa = PBXBuildFile; fileRef = AAF42CE0180812D80069A423 /* com.apple.ipod-touch-5-pink.jpg */; };
		AAF42D04180812D80069A423 /* com.apple.ipod-touch-5-red.jpg in Resources */ = {isa = PBXBuildFile; fileRef = AAF42CE1180812D80069A423 /* com.apple.ipod-touch-5-red.jpg */; };
		AAF42D05180812D80069A423 /* com.apple.ipod-touch-5-silver.jpg in Resources */ = {isa = PBXBuildFile; fileRef = AAF42CE2180812D80069A423 /* com.apple.ipod-touch-5-silver.jpg */; };
		AAF42D06180812D80069A423 /* com.apple.ipod-touch-5-slate.jpg in Resources */ = {isa = PBXBuildFile; fileRef = AAF42CE3180812D80069A423 /* com.apple.ipod-touch-5-slate.jpg */; };
		AAF42D07180812D80069A423 /* com.apple.ipod-touch-5-sparrow.jpg in Resources */ = {isa = PBXBuildFile; fileRef = AAF42CE4180812D80069A423 /* com.apple.ipod-touch-5-sparrow.jpg */; };
		AAF42D08180812D80069A423 /* com.apple.ipod-touch-5-white.jpg in Resources */ = {isa = PBXBuildFile; fileRef = AAF42CE5180812D80069A423 /* com.apple.ipod-touch-5-white.jpg */; };
		AAF42D09180812D80069A423 /* com.apple.ipod-touch-5-yellow.jpg in Resources */ = {isa = PBXBuildFile; fileRef = AAF42CE6180812D80069A423 /* com.apple.ipod-touch-5-yellow.jpg */; };
		AAF42D0A180812D80069A423 /* com.apple.ipod-touch.jpg in Resources */ = {isa = PBXBuildFile; fileRef = AAF42CE7180812D80069A423 /* com.apple.ipod-touch.jpg */; };
/* End PBXBuildFile section */

/* Begin PBXFileReference section */
		AA0649EE18083BB700FE5486 /* libSystem.dylib */ = {isa = PBXFileReference; lastKnownFileType = "compiled.mach-o.dylib"; name = libSystem.dylib; path = usr/lib/libSystem.dylib; sourceTree = SDKROOT; };
		AA0649F018083BCA00FE5486 /* SystemConfiguration.framework */ = {isa = PBXFileReference; lastKnownFileType = wrapper.framework; name = SystemConfiguration.framework; path = System/Library/Frameworks/SystemConfiguration.framework; sourceTree = SDKROOT; };
		AA0649F218083BE500FE5486 /* CFNetwork.framework */ = {isa = PBXFileReference; lastKnownFileType = wrapper.framework; name = CFNetwork.framework; path = System/Library/Frameworks/CFNetwork.framework; sourceTree = SDKROOT; };
		AA38E3791808497700FBB325 /* LICENSE */ = {isa = PBXFileReference; fileEncoding = 4; lastKnownFileType = text; path = LICENSE; sourceTree = "<group>"; };
		AA38E37B18084B8300FBB325 /* MessageUI.framework */ = {isa = PBXFileReference; lastKnownFileType = wrapper.framework; name = MessageUI.framework; path = "../../../../../../Applications/Xcode-4.6/Xcode.app/Contents/Developer/Platforms/iPhoneOS.platform/Developer/SDKs/iPhoneOS6.1.sdk/System/Library/Frameworks/MessageUI.framework"; sourceTree = "<group>"; };
		AA38E37D18084BC600FBB325 /* Social.framework */ = {isa = PBXFileReference; lastKnownFileType = wrapper.framework; name = Social.framework; path = "../../../../../../Applications/Xcode-4.6/Xcode.app/Contents/Developer/Platforms/iPhoneOS.platform/Developer/SDKs/iPhoneOS6.1.sdk/System/Library/Frameworks/Social.framework"; sourceTree = "<group>"; };
		AA38E381180853E500FBB325 /* Icon-60.png */ = {isa = PBXFileReference; lastKnownFileType = image.png; path = "Icon-60.png"; sourceTree = SOURCE_ROOT; };
		AA38E382180853E500FBB325 /* Icon-60@2x.png */ = {isa = PBXFileReference; lastKnownFileType = image.png; path = "Icon-60@2x.png"; sourceTree = SOURCE_ROOT; };
		AA38E383180853E500FBB325 /* Icon-72.png */ = {isa = PBXFileReference; lastKnownFileType = image.png; path = "Icon-72.png"; sourceTree = SOURCE_ROOT; };
		AA38E384180853E500FBB325 /* Icon-72@2x.png */ = {isa = PBXFileReference; lastKnownFileType = image.png; path = "Icon-72@2x.png"; sourceTree = SOURCE_ROOT; };
		AA38E385180853E500FBB325 /* Icon-76.png */ = {isa = PBXFileReference; lastKnownFileType = image.png; path = "Icon-76.png"; sourceTree = SOURCE_ROOT; };
		AA38E386180853E500FBB325 /* Icon-76@2x.png */ = {isa = PBXFileReference; lastKnownFileType = image.png; path = "Icon-76@2x.png"; sourceTree = SOURCE_ROOT; };
		AA38E387180853E500FBB325 /* Icon-Small-50.png */ = {isa = PBXFileReference; lastKnownFileType = image.png; path = "Icon-Small-50.png"; sourceTree = SOURCE_ROOT; };
		AA38E388180853E500FBB325 /* Icon-Small-50@2x.png */ = {isa = PBXFileReference; lastKnownFileType = image.png; path = "Icon-Small-50@2x.png"; sourceTree = SOURCE_ROOT; };
		AA38E389180853E500FBB325 /* Icon-Small.png */ = {isa = PBXFileReference; lastKnownFileType = image.png; path = "Icon-Small.png"; sourceTree = SOURCE_ROOT; };
		AA38E38A180853E500FBB325 /* Icon-Small@2x.png */ = {isa = PBXFileReference; lastKnownFileType = image.png; path = "Icon-Small@2x.png"; sourceTree = SOURCE_ROOT; };
		AA38E38B180853E500FBB325 /* Icon-Spotlight-40.png */ = {isa = PBXFileReference; lastKnownFileType = image.png; path = "Icon-Spotlight-40.png"; sourceTree = SOURCE_ROOT; };
		AA38E38C180853E500FBB325 /* Icon-Spotlight-40@2x.png */ = {isa = PBXFileReference; lastKnownFileType = image.png; path = "Icon-Spotlight-40@2x.png"; sourceTree = SOURCE_ROOT; };
		AA38E38D180853E500FBB325 /* Icon.png */ = {isa = PBXFileReference; lastKnownFileType = image.png; path = Icon.png; sourceTree = SOURCE_ROOT; };
		AA38E38E180853E500FBB325 /* Icon@2x.png */ = {isa = PBXFileReference; lastKnownFileType = image.png; path = "Icon@2x.png"; sourceTree = SOURCE_ROOT; };
		AAE91ECC18081BE3003E8F81 /* MobileCoreServices.framework */ = {isa = PBXFileReference; lastKnownFileType = wrapper.framework; name = MobileCoreServices.framework; path = System/Library/Frameworks/MobileCoreServices.framework; sourceTree = SDKROOT; };
		AAF42BF61807FF420069A423 /* DeviceColors.app */ = {isa = PBXFileReference; explicitFileType = wrapper.application; includeInIndex = 0; path = DeviceColors.app; sourceTree = BUILT_PRODUCTS_DIR; };
		AAF42BF91807FF420069A423 /* Foundation.framework */ = {isa = PBXFileReference; lastKnownFileType = wrapper.framework; name = Foundation.framework; path = System/Library/Frameworks/Foundation.framework; sourceTree = SDKROOT; };
		AAF42BFB1807FF420069A423 /* CoreGraphics.framework */ = {isa = PBXFileReference; lastKnownFileType = wrapper.framework; name = CoreGraphics.framework; path = System/Library/Frameworks/CoreGraphics.framework; sourceTree = SDKROOT; };
		AAF42BFD1807FF420069A423 /* UIKit.framework */ = {isa = PBXFileReference; lastKnownFileType = wrapper.framework; name = UIKit.framework; path = System/Library/Frameworks/UIKit.framework; sourceTree = SDKROOT; };
		AAF42C011807FF420069A423 /* DeviceColors-Info.plist */ = {isa = PBXFileReference; lastKnownFileType = text.plist.xml; path = "DeviceColors-Info.plist"; sourceTree = "<group>"; };
		AAF42C031807FF420069A423 /* en */ = {isa = PBXFileReference; lastKnownFileType = text.plist.strings; name = en; path = en.lproj/InfoPlist.strings; sourceTree = "<group>"; };
		AAF42C051807FF420069A423 /* main.m */ = {isa = PBXFileReference; lastKnownFileType = sourcecode.c.objc; path = main.m; sourceTree = "<group>"; };
		AAF42C071807FF420069A423 /* DeviceColors-Prefix.pch */ = {isa = PBXFileReference; lastKnownFileType = sourcecode.c.h; path = "DeviceColors-Prefix.pch"; sourceTree = "<group>"; };
		AAF42C081807FF420069A423 /* FTAppDelegate.h */ = {isa = PBXFileReference; lastKnownFileType = sourcecode.c.h; path = FTAppDelegate.h; sourceTree = "<group>"; };
		AAF42C091807FF420069A423 /* FTAppDelegate.m */ = {isa = PBXFileReference; lastKnownFileType = sourcecode.c.objc; path = FTAppDelegate.m; sourceTree = "<group>"; };
		AAF42C0C1807FF420069A423 /* Base */ = {isa = PBXFileReference; lastKnownFileType = file.storyboard; name = Base; path = Base.lproj/Main.storyboard; sourceTree = "<group>"; };
		AAF42C111807FF430069A423 /* FTViewController.h */ = {isa = PBXFileReference; lastKnownFileType = sourcecode.c.h; path = FTViewController.h; sourceTree = "<group>"; };
		AAF42C121807FF430069A423 /* FTViewController.m */ = {isa = PBXFileReference; lastKnownFileType = sourcecode.c.objc; path = FTViewController.m; sourceTree = "<group>"; };
		AAF42C141807FF430069A423 /* Images.xcassets */ = {isa = PBXFileReference; lastKnownFileType = folder.assetcatalog; path = Images.xcassets; sourceTree = "<group>"; };
		AAF42C1B1807FF430069A423 /* XCTest.framework */ = {isa = PBXFileReference; lastKnownFileType = wrapper.framework; name = XCTest.framework; path = Library/Frameworks/XCTest.framework; sourceTree = DEVELOPER_DIR; };
		AAF42CC5180812D80069A423 /* com.apple.ipad-2-black.jpg */ = {isa = PBXFileReference; lastKnownFileType = image.jpeg; path = "com.apple.ipad-2-black.jpg"; sourceTree = "<group>"; };
		AAF42CC6180812D80069A423 /* com.apple.ipad-2-white.jpg */ = {isa = PBXFileReference; lastKnownFileType = image.jpeg; path = "com.apple.ipad-2-white.jpg"; sourceTree = "<group>"; };
		AAF42CC7180812D80069A423 /* com.apple.ipad-mini-black-3g.jpg */ = {isa = PBXFileReference; lastKnownFileType = image.jpeg; path = "com.apple.ipad-mini-black-3g.jpg"; sourceTree = "<group>"; };
		AAF42CC8180812D80069A423 /* com.apple.ipad-mini-black-wifi.jpg */ = {isa = PBXFileReference; lastKnownFileType = image.jpeg; path = "com.apple.ipad-mini-black-wifi.jpg"; sourceTree = "<group>"; };
		AAF42CC9180812D80069A423 /* com.apple.ipad-mini-white-3g.jpg */ = {isa = PBXFileReference; lastKnownFileType = image.jpeg; path = "com.apple.ipad-mini-white-3g.jpg"; sourceTree = "<group>"; };
		AAF42CCA180812D80069A423 /* com.apple.ipad-mini-white-wifi.jpg */ = {isa = PBXFileReference; lastKnownFileType = image.jpeg; path = "com.apple.ipad-mini-white-wifi.jpg"; sourceTree = "<group>"; };
		AAF42CCB180812D80069A423 /* com.apple.ipad.jpg */ = {isa = PBXFileReference; lastKnownFileType = image.jpeg; path = com.apple.ipad.jpg; sourceTree = "<group>"; };
		AAF42CCC180812D80069A423 /* com.apple.iphone-3g.jpg */ = {isa = PBXFileReference; lastKnownFileType = image.jpeg; path = "com.apple.iphone-3g.jpg"; sourceTree = "<group>"; };
		AAF42CCD180812D80069A423 /* com.apple.iphone-4-black.jpg */ = {isa = PBXFileReference; lastKnownFileType = image.jpeg; path = "com.apple.iphone-4-black.jpg"; sourceTree = "<group>"; };
		AAF42CCE180812D80069A423 /* com.apple.iphone-4-cdma-black.jpg */ = {isa = PBXFileReference; lastKnownFileType = image.jpeg; path = "com.apple.iphone-4-cdma-black.jpg"; sourceTree = "<group>"; };
		AAF42CCF180812D80069A423 /* com.apple.iphone-4-cdma-white.jpg */ = {isa = PBXFileReference; lastKnownFileType = image.jpeg; path = "com.apple.iphone-4-cdma-white.jpg"; sourceTree = "<group>"; };
		AAF42CD0180812D80069A423 /* com.apple.iphone-4-white.jpg */ = {isa = PBXFileReference; lastKnownFileType = image.jpeg; path = "com.apple.iphone-4-white.jpg"; sourceTree = "<group>"; };
		AAF42CD1180812D80069A423 /* com.apple.iphone-5-black.jpg */ = {isa = PBXFileReference; lastKnownFileType = image.jpeg; path = "com.apple.iphone-5-black.jpg"; sourceTree = "<group>"; };
		AAF42CD2180812D80069A423 /* com.apple.iphone-5-white.jpg */ = {isa = PBXFileReference; lastKnownFileType = image.jpeg; path = "com.apple.iphone-5-white.jpg"; sourceTree = "<group>"; };
		AAF42CD3180812D80069A423 /* com.apple.iphone-5c-#46abe0.jpg */ = {isa = PBXFileReference; lastKnownFileType = image.jpeg; path = "com.apple.iphone-5c-#46abe0.jpg"; sourceTree = "<group>"; };
		AAF42CD4180812D80069A423 /* com.apple.iphone-5c-#a1e877.jpg */ = {isa = PBXFileReference; lastKnownFileType = image.jpeg; path = "com.apple.iphone-5c-#a1e877.jpg"; sourceTree = "<group>"; };
		AAF42CD5180812D80069A423 /* com.apple.iphone-5c-#f5f4f7.jpg */ = {isa = PBXFileReference; lastKnownFileType = image.jpeg; path = "com.apple.iphone-5c-#f5f4f7.jpg"; sourceTree = "<group>"; };
		AAF42CD6180812D80069A423 /* com.apple.iphone-5c-#faf189.jpg */ = {isa = PBXFileReference; lastKnownFileType = image.jpeg; path = "com.apple.iphone-5c-#faf189.jpg"; sourceTree = "<group>"; };
		AAF42CD7180812D80069A423 /* com.apple.iphone-5c-#fe767a.jpg */ = {isa = PBXFileReference; lastKnownFileType = image.jpeg; path = "com.apple.iphone-5c-#fe767a.jpg"; sourceTree = "<group>"; };
		AAF42CD8180812D80069A423 /* com.apple.iphone-5s-#99989b.jpg */ = {isa = PBXFileReference; lastKnownFileType = image.jpeg; path = "com.apple.iphone-5s-#99989b.jpg"; sourceTree = "<group>"; };
		AAF42CD9180812D80069A423 /* com.apple.iphone-5s-#d4c5b3.jpg */ = {isa = PBXFileReference; lastKnownFileType = image.jpeg; path = "com.apple.iphone-5s-#d4c5b3.jpg"; sourceTree = "<group>"; };
		AAF42CDA180812D80069A423 /* com.apple.iphone-5s-#d7d9d8.jpg */ = {isa = PBXFileReference; lastKnownFileType = image.jpeg; path = "com.apple.iphone-5s-#d7d9d8.jpg"; sourceTree = "<group>"; };
		AAF42CDB180812D80069A423 /* com.apple.iphone.jpg */ = {isa = PBXFileReference; lastKnownFileType = image.jpeg; path = com.apple.iphone.jpg; sourceTree = "<group>"; };
		AAF42CDC180812D80069A423 /* com.apple.ipod-touch-2.jpg */ = {isa = PBXFileReference; lastKnownFileType = image.jpeg; path = "com.apple.ipod-touch-2.jpg"; sourceTree = "<group>"; };
		AAF42CDD180812D80069A423 /* com.apple.ipod-touch-4-black.jpg */ = {isa = PBXFileReference; lastKnownFileType = image.jpeg; path = "com.apple.ipod-touch-4-black.jpg"; sourceTree = "<group>"; };
		AAF42CDE180812D80069A423 /* com.apple.ipod-touch-4-white.jpg */ = {isa = PBXFileReference; lastKnownFileType = image.jpeg; path = "com.apple.ipod-touch-4-white.jpg"; sourceTree = "<group>"; };
		AAF42CDF180812D80069A423 /* com.apple.ipod-touch-5-blue.jpg */ = {isa = PBXFileReference; lastKnownFileType = image.jpeg; path = "com.apple.ipod-touch-5-blue.jpg"; sourceTree = "<group>"; };
		AAF42CE0180812D80069A423 /* com.apple.ipod-touch-5-pink.jpg */ = {isa = PBXFileReference; lastKnownFileType = image.jpeg; path = "com.apple.ipod-touch-5-pink.jpg"; sourceTree = "<group>"; };
		AAF42CE1180812D80069A423 /* com.apple.ipod-touch-5-red.jpg */ = {isa = PBXFileReference; lastKnownFileType = image.jpeg; path = "com.apple.ipod-touch-5-red.jpg"; sourceTree = "<group>"; };
		AAF42CE2180812D80069A423 /* com.apple.ipod-touch-5-silver.jpg */ = {isa = PBXFileReference; lastKnownFileType = image.jpeg; path = "com.apple.ipod-touch-5-silver.jpg"; sourceTree = "<group>"; };
		AAF42CE3180812D80069A423 /* com.apple.ipod-touch-5-slate.jpg */ = {isa = PBXFileReference; lastKnownFileType = image.jpeg; path = "com.apple.ipod-touch-5-slate.jpg"; sourceTree = "<group>"; };
		AAF42CE4180812D80069A423 /* com.apple.ipod-touch-5-sparrow.jpg */ = {isa = PBXFileReference; lastKnownFileType = image.jpeg; path = "com.apple.ipod-touch-5-sparrow.jpg"; sourceTree = "<group>"; };
		AAF42CE5180812D80069A423 /* com.apple.ipod-touch-5-white.jpg */ = {isa = PBXFileReference; lastKnownFileType = image.jpeg; path = "com.apple.ipod-touch-5-white.jpg"; sourceTree = "<group>"; };
		AAF42CE6180812D80069A423 /* com.apple.ipod-touch-5-yellow.jpg */ = {isa = PBXFileReference; lastKnownFileType = image.jpeg; path = "com.apple.ipod-touch-5-yellow.jpg"; sourceTree = "<group>"; };
		AAF42CE7180812D80069A423 /* com.apple.ipod-touch.jpg */ = {isa = PBXFileReference; lastKnownFileType = image.jpeg; path = "com.apple.ipod-touch.jpg"; sourceTree = "<group>"; };
/* End PBXFileReference section */

/* Begin PBXFrameworksBuildPhase section */
		AAF42BF31807FF420069A423 /* Frameworks */ = {
			isa = PBXFrameworksBuildPhase;
			buildActionMask = 2147483647;
			files = (
				AA38E37E18084BC600FBB325 /* Social.framework in Frameworks */,
				AA0649F318083BE500FE5486 /* CFNetwork.framework in Frameworks */,
				AA0649F118083BCA00FE5486 /* SystemConfiguration.framework in Frameworks */,
				AAF42BFC1807FF420069A423 /* CoreGraphics.framework in Frameworks */,
				AAF42BFE1807FF420069A423 /* UIKit.framework in Frameworks */,
				AAF42BFA1807FF420069A423 /* Foundation.framework in Frameworks */,
			);
			runOnlyForDeploymentPostprocessing = 0;
		};
/* End PBXFrameworksBuildPhase section */

/* Begin PBXGroup section */
		AAF42BED1807FF410069A423 = {
			isa = PBXGroup;
			children = (
				AAF42C341808117A0069A423 /* Resources */,
				AAF42BFF1807FF420069A423 /* DeviceColors */,
				AAF42BF81807FF420069A423 /* Frameworks */,
				AAF42BF71807FF420069A423 /* Products */,
				AA38E3791808497700FBB325 /* LICENSE */,
			);
			sourceTree = "<group>";
		};
		AAF42BF71807FF420069A423 /* Products */ = {
			isa = PBXGroup;
			children = (
				AAF42BF61807FF420069A423 /* DeviceColors.app */,
			);
			name = Products;
			sourceTree = "<group>";
		};
		AAF42BF81807FF420069A423 /* Frameworks */ = {
			isa = PBXGroup;
			children = (
				AA38E37D18084BC600FBB325 /* Social.framework */,
				AA38E37B18084B8300FBB325 /* MessageUI.framework */,
				AA0649F218083BE500FE5486 /* CFNetwork.framework */,
				AA0649F018083BCA00FE5486 /* SystemConfiguration.framework */,
				AA0649EE18083BB700FE5486 /* libSystem.dylib */,
				AAE91ECC18081BE3003E8F81 /* MobileCoreServices.framework */,
				AAF42BF91807FF420069A423 /* Foundation.framework */,
				AAF42BFB1807FF420069A423 /* CoreGraphics.framework */,
				AAF42BFD1807FF420069A423 /* UIKit.framework */,
				AAF42C1B1807FF430069A423 /* XCTest.framework */,
			);
			name = Frameworks;
			sourceTree = "<group>";
		};
		AAF42BFF1807FF420069A423 /* DeviceColors */ = {
			isa = PBXGroup;
			children = (
				AAF42C081807FF420069A423 /* FTAppDelegate.h */,
				AAF42C091807FF420069A423 /* FTAppDelegate.m */,
				AAF42C0B1807FF420069A423 /* Main.storyboard */,
				AAF42C111807FF430069A423 /* FTViewController.h */,
				AAF42C121807FF430069A423 /* FTViewController.m */,
				AAF42C141807FF430069A423 /* Images.xcassets */,
				AA38E381180853E500FBB325 /* Icon-60.png */,
				AA38E382180853E500FBB325 /* Icon-60@2x.png */,
				AA38E383180853E500FBB325 /* Icon-72.png */,
				AA38E384180853E500FBB325 /* Icon-72@2x.png */,
				AA38E385180853E500FBB325 /* Icon-76.png */,
				AA38E386180853E500FBB325 /* Icon-76@2x.png */,
				AA38E387180853E500FBB325 /* Icon-Small-50.png */,
				AA38E388180853E500FBB325 /* Icon-Small-50@2x.png */,
				AA38E389180853E500FBB325 /* Icon-Small.png */,
				AA38E38A180853E500FBB325 /* Icon-Small@2x.png */,
				AA38E38B180853E500FBB325 /* Icon-Spotlight-40.png */,
				AA38E38C180853E500FBB325 /* Icon-Spotlight-40@2x.png */,
				AA38E38D180853E500FBB325 /* Icon.png */,
				AA38E38E180853E500FBB325 /* Icon@2x.png */,
				AAF42C001807FF420069A423 /* Supporting Files */,
			);
			path = DeviceColors;
			sourceTree = "<group>";
		};
		AAF42C001807FF420069A423 /* Supporting Files */ = {
			isa = PBXGroup;
			children = (
				AAF42C011807FF420069A423 /* DeviceColors-Info.plist */,
				AAF42C021807FF420069A423 /* InfoPlist.strings */,
				AAF42C051807FF420069A423 /* main.m */,
				AAF42C071807FF420069A423 /* DeviceColors-Prefix.pch */,
			);
			name = "Supporting Files";
			sourceTree = "<group>";
		};
		AAF42C341808117A0069A423 /* Resources */ = {
			isa = PBXGroup;
			children = (
				AAF42CC5180812D80069A423 /* com.apple.ipad-2-black.jpg */,
				AAF42CC6180812D80069A423 /* com.apple.ipad-2-white.jpg */,
				AAF42CC7180812D80069A423 /* com.apple.ipad-mini-black-3g.jpg */,
				AAF42CC8180812D80069A423 /* com.apple.ipad-mini-black-wifi.jpg */,
				AAF42CC9180812D80069A423 /* com.apple.ipad-mini-white-3g.jpg */,
				AAF42CCA180812D80069A423 /* com.apple.ipad-mini-white-wifi.jpg */,
				AAF42CCB180812D80069A423 /* com.apple.ipad.jpg */,
				AAF42CCC180812D80069A423 /* com.apple.iphone-3g.jpg */,
				AAF42CCD180812D80069A423 /* com.apple.iphone-4-black.jpg */,
				AAF42CCE180812D80069A423 /* com.apple.iphone-4-cdma-black.jpg */,
				AAF42CCF180812D80069A423 /* com.apple.iphone-4-cdma-white.jpg */,
				AAF42CD0180812D80069A423 /* com.apple.iphone-4-white.jpg */,
				AAF42CD1180812D80069A423 /* com.apple.iphone-5-black.jpg */,
				AAF42CD2180812D80069A423 /* com.apple.iphone-5-white.jpg */,
				AAF42CD3180812D80069A423 /* com.apple.iphone-5c-#46abe0.jpg */,
				AAF42CD4180812D80069A423 /* com.apple.iphone-5c-#a1e877.jpg */,
				AAF42CD5180812D80069A423 /* com.apple.iphone-5c-#f5f4f7.jpg */,
				AAF42CD6180812D80069A423 /* com.apple.iphone-5c-#faf189.jpg */,
				AAF42CD7180812D80069A423 /* com.apple.iphone-5c-#fe767a.jpg */,
				AAF42CD8180812D80069A423 /* com.apple.iphone-5s-#99989b.jpg */,
				AAF42CD9180812D80069A423 /* com.apple.iphone-5s-#d4c5b3.jpg */,
				AAF42CDA180812D80069A423 /* com.apple.iphone-5s-#d7d9d8.jpg */,
				AAF42CDB180812D80069A423 /* com.apple.iphone.jpg */,
				AAF42CDC180812D80069A423 /* com.apple.ipod-touch-2.jpg */,
				AAF42CDD180812D80069A423 /* com.apple.ipod-touch-4-black.jpg */,
				AAF42CDE180812D80069A423 /* com.apple.ipod-touch-4-white.jpg */,
				AAF42CDF180812D80069A423 /* com.apple.ipod-touch-5-blue.jpg */,
				AAF42CE0180812D80069A423 /* com.apple.ipod-touch-5-pink.jpg */,
				AAF42CE1180812D80069A423 /* com.apple.ipod-touch-5-red.jpg */,
				AAF42CE2180812D80069A423 /* com.apple.ipod-touch-5-silver.jpg */,
				AAF42CE3180812D80069A423 /* com.apple.ipod-touch-5-slate.jpg */,
				AAF42CE4180812D80069A423 /* com.apple.ipod-touch-5-sparrow.jpg */,
				AAF42CE5180812D80069A423 /* com.apple.ipod-touch-5-white.jpg */,
				AAF42CE6180812D80069A423 /* com.apple.ipod-touch-5-yellow.jpg */,
				AAF42CE7180812D80069A423 /* com.apple.ipod-touch.jpg */,
			);
			name = Resources;
			sourceTree = "<group>";
		};
/* End PBXGroup section */

/* Begin PBXNativeTarget section */
		AAF42BF51807FF420069A423 /* DeviceColors */ = {
			isa = PBXNativeTarget;
			buildConfigurationList = AAF42C2B1807FF440069A423 /* Build configuration list for PBXNativeTarget "DeviceColors" */;
			buildPhases = (
				AAF42BF21807FF420069A423 /* Sources */,
				AAF42BF31807FF420069A423 /* Frameworks */,
				AAF42BF41807FF420069A423 /* Resources */,
			);
			buildRules = (
			);
			dependencies = (
			);
			name = DeviceColors;
			productName = DeviceColors;
			productReference = AAF42BF61807FF420069A423 /* DeviceColors.app */;
			productType = "com.apple.product-type.application";
		};
/* End PBXNativeTarget section */

/* Begin PBXProject section */
		AAF42BEE1807FF420069A423 /* Project object */ = {
			isa = PBXProject;
			attributes = {
				CLASSPREFIX = FT;
				LastUpgradeCheck = 0500;
				ORGANIZATIONNAME = FutureTap;
			};
			buildConfigurationList = AAF42BF11807FF420069A423 /* Build configuration list for PBXProject "DeviceColors" */;
			compatibilityVersion = "Xcode 3.2";
			developmentRegion = English;
			hasScannedForEncodings = 0;
			knownRegions = (
				en,
				Base,
			);
			mainGroup = AAF42BED1807FF410069A423;
			productRefGroup = AAF42BF71807FF420069A423 /* Products */;
			projectDirPath = "";
			projectRoot = "";
			targets = (
				AAF42BF51807FF420069A423 /* DeviceColors */,
			);
		};
/* End PBXProject section */

/* Begin PBXResourcesBuildPhase section */
		AAF42BF41807FF420069A423 /* Resources */ = {
			isa = PBXResourcesBuildPhase;
			buildActionMask = 2147483647;
			files = (
				AAF42CEC180812D80069A423 /* com.apple.ipad-mini-white-3g.jpg in Resources */,
				AAF42D02180812D80069A423 /* com.apple.ipod-touch-5-blue.jpg in Resources */,
				AAF42CF4180812D80069A423 /* com.apple.iphone-5-black.jpg in Resources */,
				AAF42CF7180812D80069A423 /* com.apple.iphone-5c-#a1e877.jpg in Resources */,
				AAF42C151807FF430069A423 /* Images.xcassets in Resources */,
				AAF42CED180812D80069A423 /* com.apple.ipad-mini-white-wifi.jpg in Resources */,
				AAF42CE9180812D80069A423 /* com.apple.ipad-2-white.jpg in Resources */,
				AAF42D00180812D80069A423 /* com.apple.ipod-touch-4-black.jpg in Resources */,
				AAF42D01180812D80069A423 /* com.apple.ipod-touch-4-white.jpg in Resources */,
				AAF42CEE180812D80069A423 /* com.apple.ipad.jpg in Resources */,
				AAF42D07180812D80069A423 /* com.apple.ipod-touch-5-sparrow.jpg in Resources */,
				AAF42CEA180812D80069A423 /* com.apple.ipad-mini-black-3g.jpg in Resources */,
				AAF42CFF180812D80069A423 /* com.apple.ipod-touch-2.jpg in Resources */,
				AAF42CFE180812D80069A423 /* com.apple.iphone.jpg in Resources */,
				AAF42D04180812D80069A423 /* com.apple.ipod-touch-5-red.jpg in Resources */,
				AAF42CFC180812D80069A423 /* com.apple.iphone-5s-#d4c5b3.jpg in Resources */,
				AAF42CE8180812D80069A423 /* com.apple.ipad-2-black.jpg in Resources */,
				AAF42CF8180812D80069A423 /* com.apple.iphone-5c-#f5f4f7.jpg in Resources */,
				AAF42CF2180812D80069A423 /* com.apple.iphone-4-cdma-white.jpg in Resources */,
				AAF42CF3180812D80069A423 /* com.apple.iphone-4-white.jpg in Resources */,
				AAF42CEF180812D80069A423 /* com.apple.iphone-3g.jpg in Resources */,
				AAF42CFA180812D80069A423 /* com.apple.iphone-5c-#fe767a.jpg in Resources */,
				AAF42D09180812D80069A423 /* com.apple.ipod-touch-5-yellow.jpg in Resources */,
				AAF42CF5180812D80069A423 /* com.apple.iphone-5-white.jpg in Resources */,
				AAF42CEB180812D80069A423 /* com.apple.ipad-mini-black-wifi.jpg in Resources */,
				AAF42CFD180812D80069A423 /* com.apple.iphone-5s-#d7d9d8.jpg in Resources */,
				AAF42D05180812D80069A423 /* com.apple.ipod-touch-5-silver.jpg in Resources */,
				AAF42CF9180812D80069A423 /* com.apple.iphone-5c-#faf189.jpg in Resources */,
				AAF42C0D1807FF420069A423 /* Main.storyboard in Resources */,
				AAF42CF6180812D80069A423 /* com.apple.iphone-5c-#46abe0.jpg in Resources */,
				AAF42D06180812D80069A423 /* com.apple.ipod-touch-5-slate.jpg in Resources */,
				AAF42CF1180812D80069A423 /* com.apple.iphone-4-cdma-black.jpg in Resources */,
				AAF42D08180812D80069A423 /* com.apple.ipod-touch-5-white.jpg in Resources */,
				AAF42CF0180812D80069A423 /* com.apple.iphone-4-black.jpg in Resources */,
				AAF42D03180812D80069A423 /* com.apple.ipod-touch-5-pink.jpg in Resources */,
				AAF42CFB180812D80069A423 /* com.apple.iphone-5s-#99989b.jpg in Resources */,
				AAF42C041807FF420069A423 /* InfoPlist.strings in Resources */,
				AAF42D0A180812D80069A423 /* com.apple.ipod-touch.jpg in Resources */,
			);
			runOnlyForDeploymentPostprocessing = 0;
		};
/* End PBXResourcesBuildPhase section */

/* Begin PBXSourcesBuildPhase section */
		AAF42BF21807FF420069A423 /* Sources */ = {
			isa = PBXSourcesBuildPhase;
			buildActionMask = 2147483647;
			files = (
				AAF42C0A1807FF420069A423 /* FTAppDelegate.m in Sources */,
				AAF42C061807FF420069A423 /* main.m in Sources */,
				AAF42C131807FF430069A423 /* FTViewController.m in Sources */,
			);
			runOnlyForDeploymentPostprocessing = 0;
		};
/* End PBXSourcesBuildPhase section */

/* Begin PBXVariantGroup section */
		AAF42C021807FF420069A423 /* InfoPlist.strings */ = {
			isa = PBXVariantGroup;
			children = (
				AAF42C031807FF420069A423 /* en */,
			);
			name = InfoPlist.strings;
			sourceTree = "<group>";
		};
		AAF42C0B1807FF420069A423 /* Main.storyboard */ = {
			isa = PBXVariantGroup;
			children = (
				AAF42C0C1807FF420069A423 /* Base */,
			);
			name = Main.storyboard;
			sourceTree = "<group>";
		};
/* End PBXVariantGroup section */

/* Begin XCBuildConfiguration section */
		AAF42C291807FF440069A423 /* Debug */ = {
			isa = XCBuildConfiguration;
			buildSettings = {
				ALWAYS_SEARCH_USER_PATHS = NO;
				ARCHS = "$(ARCHS_STANDARD_INCLUDING_64_BIT)";
				CLANG_CXX_LANGUAGE_STANDARD = "gnu++0x";
				CLANG_CXX_LIBRARY = "libc++";
				CLANG_ENABLE_MODULES = YES;
				CLANG_ENABLE_OBJC_ARC = YES;
				CLANG_WARN_BOOL_CONVERSION = YES;
				CLANG_WARN_CONSTANT_CONVERSION = YES;
				CLANG_WARN_DIRECT_OBJC_ISA_USAGE = YES_ERROR;
				CLANG_WARN_EMPTY_BODY = YES;
				CLANG_WARN_ENUM_CONVERSION = YES;
				CLANG_WARN_INT_CONVERSION = YES;
				CLANG_WARN_OBJC_ROOT_CLASS = YES_ERROR;
				CLANG_WARN__DUPLICATE_METHOD_MATCH = YES;
				"CODE_SIGN_IDENTITY[sdk=iphoneos*]" = "iPhone Developer";
				COPY_PHASE_STRIP = NO;
				GCC_C_LANGUAGE_STANDARD = gnu99;
				GCC_DYNAMIC_NO_PIC = NO;
				GCC_OPTIMIZATION_LEVEL = 0;
				GCC_PREPROCESSOR_DEFINITIONS = (
					"DEBUG=1",
					"$(inherited)",
				);
				GCC_SYMBOLS_PRIVATE_EXTERN = NO;
				GCC_WARN_64_TO_32_BIT_CONVERSION = YES;
				GCC_WARN_ABOUT_RETURN_TYPE = YES_ERROR;
				GCC_WARN_UNDECLARED_SELECTOR = YES;
				GCC_WARN_UNINITIALIZED_AUTOS = YES;
				GCC_WARN_UNUSED_FUNCTION = YES;
				GCC_WARN_UNUSED_VARIABLE = YES;
				IPHONEOS_DEPLOYMENT_TARGET = 6.0;
				ONLY_ACTIVE_ARCH = YES;
				SDKROOT = iphoneos;
				TARGETED_DEVICE_FAMILY = "1,2";
			};
			name = Debug;
		};
		AAF42C2A1807FF440069A423 /* Release */ = {
			isa = XCBuildConfiguration;
			buildSettings = {
				ALWAYS_SEARCH_USER_PATHS = NO;
				ARCHS = "$(ARCHS_STANDARD_INCLUDING_64_BIT)";
				CLANG_CXX_LANGUAGE_STANDARD = "gnu++0x";
				CLANG_CXX_LIBRARY = "libc++";
				CLANG_ENABLE_MODULES = YES;
				CLANG_ENABLE_OBJC_ARC = YES;
				CLANG_WARN_BOOL_CONVERSION = YES;
				CLANG_WARN_CONSTANT_CONVERSION = YES;
				CLANG_WARN_DIRECT_OBJC_ISA_USAGE = YES_ERROR;
				CLANG_WARN_EMPTY_BODY = YES;
				CLANG_WARN_ENUM_CONVERSION = YES;
				CLANG_WARN_INT_CONVERSION = YES;
				CLANG_WARN_OBJC_ROOT_CLASS = YES_ERROR;
				CLANG_WARN__DUPLICATE_METHOD_MATCH = YES;
				"CODE_SIGN_IDENTITY[sdk=iphoneos*]" = "iPhone Developer";
				COPY_PHASE_STRIP = YES;
				ENABLE_NS_ASSERTIONS = NO;
				GCC_C_LANGUAGE_STANDARD = gnu99;
				GCC_WARN_64_TO_32_BIT_CONVERSION = YES;
				GCC_WARN_ABOUT_RETURN_TYPE = YES_ERROR;
				GCC_WARN_UNDECLARED_SELECTOR = YES;
				GCC_WARN_UNINITIALIZED_AUTOS = YES;
				GCC_WARN_UNUSED_FUNCTION = YES;
				GCC_WARN_UNUSED_VARIABLE = YES;
				IPHONEOS_DEPLOYMENT_TARGET = 6.0;
				SDKROOT = iphoneos;
				TARGETED_DEVICE_FAMILY = "1,2";
				VALIDATE_PRODUCT = YES;
			};
			name = Release;
		};
		AAF42C2C1807FF440069A423 /* Debug */ = {
			isa = XCBuildConfiguration;
			buildSettings = {
				ARCHS = "$(ARCHS_STANDARD)";
				ASSETCATALOG_COMPILER_APPICON_NAME = AppIcon;
				ASSETCATALOG_COMPILER_LAUNCHIMAGE_NAME = LaunchImage;
				CODE_SIGN_IDENTITY = "iPhone Developer";
				GCC_PRECOMPILE_PREFIX_HEADER = YES;
				GCC_PREFIX_HEADER = "DeviceColors/DeviceColors-Prefix.pch";
				INFOPLIST_FILE = "DeviceColors/DeviceColors-Info.plist";
				PRODUCT_NAME = "$(TARGET_NAME)";
				SDKROOT = iphoneos6.1;
				WRAPPER_EXTENSION = app;
			};
			name = Debug;
		};
		AAF42C2D1807FF440069A423 /* Release */ = {
			isa = XCBuildConfiguration;
			buildSettings = {
				ARCHS = "$(ARCHS_STANDARD)";
				ASSETCATALOG_COMPILER_APPICON_NAME = AppIcon;
				ASSETCATALOG_COMPILER_LAUNCHIMAGE_NAME = LaunchImage;
				CODE_SIGN_IDENTITY = "iPhone Developer";
				GCC_PRECOMPILE_PREFIX_HEADER = YES;
				GCC_PREFIX_HEADER = "DeviceColors/DeviceColors-Prefix.pch";
				INFOPLIST_FILE = "DeviceColors/DeviceColors-Info.plist";
				PRODUCT_NAME = "$(TARGET_NAME)";
				SDKROOT = iphoneos6.1;
				WRAPPER_EXTENSION = app;
			};
			name = Release;
		};
/* End XCBuildConfiguration section */

/* Begin XCConfigurationList section */
		AAF42BF11807FF420069A423 /* Build configuration list for PBXProject "DeviceColors" */ = {
			isa = XCConfigurationList;
			buildConfigurations = (
				AAF42C291807FF440069A423 /* Debug */,
				AAF42C2A1807FF440069A423 /* Release */,
			);
			defaultConfigurationIsVisible = 0;
			defaultConfigurationName = Release;
		};
		AAF42C2B1807FF440069A423 /* Build configuration list for PBXNativeTarget "DeviceColors" */ = {
			isa = XCConfigurationList;
			buildConfigurations = (
				AAF42C2C1807FF440069A423 /* Debug */,
				AAF42C2D1807FF440069A423 /* Release */,
			);
			defaultConfigurationIsVisible = 0;
			defaultConfigurationName = Release;
		};
/* End XCConfigurationList section */
	};
	rootObject = AAF42BEE1807FF420069A423 /* Project object */;
}
